
Microsoft Visual Studio Solution File, Format Version 12.00
# Visual Studio 15
VisualStudioVersion = 15.0.28010.2048
MinimumVisualStudioVersion = 10.0.40219.1
Project("{8BC9CEB8-8B4A-11D0-8D11-00A0C91BC942}") = "P30", "P30\P30.vcxproj", "{FC24F310-695B-40ED-B507-81E78005F879}"
EndProject
Global
	GlobalSection(SolutionConfigurationPlatforms) = preSolution
		Debug|x64 = Debug|x64
		Debug|x86 = Debug|x86
		Release|x64 = Release|x64
		Release|x86 = Release|x86
	EndGlobalSection
	GlobalSection(ProjectConfigurationPlatforms) = postSolution
		{FC24F310-695B-40ED-B507-81E78005F879}.Debug|x64.ActiveCfg = Debug|x64
		{FC24F310-695B-40ED-B507-81E78005F879}.Debug|x64.Build.0 = Debug|x64
		{FC24F310-695B-40ED-B507-81E78005F879}.Debug|x86.ActiveCfg = Debug|Win32
		{FC24F310-695B-40ED-B507-81E78005F879}.Debug|x86.Build.0 = Debug|Win32
		{FC24F310-695B-40ED-B507-81E78005F879}.Release|x64.ActiveCfg = Release|x64
		{FC24F310-695B-40ED-B507-81E78005F879}.Release|x64.Build.0 = Release|x64
		{FC24F310-695B-40ED-B507-81E78005F879}.Release|x86.ActiveCfg = Release|Win32
		{FC24F310-695B-40ED-B507-81E78005F879}.Release|x86.Build.0 = Release|Win32
	EndGlobalSection
	GlobalSection(SolutionProperties) = preSolution
		HideSolutionNode = FALSE
	EndGlobalSection
	GlobalSection(ExtensibilityGlobals) = postSolution
		SolutionGuid = {CA45EFDD-3973-47A1-9836-50789094E2E1}
	EndGlobalSection
EndGlobal
