
Microsoft Visual Studio Solution File, Format Version 12.00
# Visual Studio 15
VisualStudioVersion = 15.0.28010.2048
MinimumVisualStudioVersion = 10.0.40219.1
Project("{8BC9CEB8-8B4A-11D0-8D11-00A0C91BC942}") = "P04", "P04\P04.vcxproj", "{276C5E93-E5C9-4FC5-BE50-3C3E41DA0C5B}"
EndProject
Global
	GlobalSection(SolutionConfigurationPlatforms) = preSolution
		Debug|x64 = Debug|x64
		Debug|x86 = Debug|x86
		Release|x64 = Release|x64
		Release|x86 = Release|x86
	EndGlobalSection
	GlobalSection(ProjectConfigurationPlatforms) = postSolution
		{276C5E93-E5C9-4FC5-BE50-3C3E41DA0C5B}.Debug|x64.ActiveCfg = Debug|x64
		{276C5E93-E5C9-4FC5-BE50-3C3E41DA0C5B}.Debug|x64.Build.0 = Debug|x64
		{276C5E93-E5C9-4FC5-BE50-3C3E41DA0C5B}.Debug|x86.ActiveCfg = Debug|Win32
		{276C5E93-E5C9-4FC5-BE50-3C3E41DA0C5B}.Debug|x86.Build.0 = Debug|Win32
		{276C5E93-E5C9-4FC5-BE50-3C3E41DA0C5B}.Release|x64.ActiveCfg = Release|x64
		{276C5E93-E5C9-4FC5-BE50-3C3E41DA0C5B}.Release|x64.Build.0 = Release|x64
		{276C5E93-E5C9-4FC5-BE50-3C3E41DA0C5B}.Release|x86.ActiveCfg = Release|Win32
		{276C5E93-E5C9-4FC5-BE50-3C3E41DA0C5B}.Release|x86.Build.0 = Release|Win32
	EndGlobalSection
	GlobalSection(SolutionProperties) = preSolution
		HideSolutionNode = FALSE
	EndGlobalSection
	GlobalSection(ExtensibilityGlobals) = postSolution
		SolutionGuid = {C2402FF7-2DC6-4A71-A87A-A6B5D8409C0B}
	EndGlobalSection
EndGlobal
